
Microsoft Visual Studio Solution File, Format Version 12.00
# Visual Studio 2013
VisualStudioVersion = 12.0.40629.0
MinimumVisualStudioVersion = 10.0.40219.1
Project("{FAE04EC0-301F-11D3-BF4B-00C04F79EFBC}") = "Web-UI", "Web-UI\Web-UI.csproj", "{CEE973D5-3804-40BF-89DC-F3E48DA3FFFC}"
EndProject
Project("{FAE04EC0-301F-11D3-BF4B-00C04F79EFBC}") = "Logic", "Logic\Logic.csproj", "{50E611CA-3E88-4D5B-BAD8-4657C8B42E8F}"
EndProject
Project("{FAE04EC0-301F-11D3-BF4B-00C04F79EFBC}") = "DataAccessConsoleTest", "DataAccessConsoleTest\DataAccessConsoleTest.csproj", "{B15E1D39-AD60-41B2-BF1C-F0627581AA3A}"
EndProject
Project("{FAE04EC0-301F-11D3-BF4B-00C04F79EFBC}") = "ConsoleApp", "Console\ConsoleApp.csproj", "{FC290314-E24C-4E60-92CB-240E361041FE}"
EndProject
Project("{FAE04EC0-301F-11D3-BF4B-00C04F79EFBC}") = "UnitTestProject", "UnitTestProject\UnitTestProject.csproj", "{1FDE1954-DACC-4892-8030-45F80C8E09E1}"
EndProject
Global
	GlobalSection(SolutionConfigurationPlatforms) = preSolution
		Debug|Any CPU = Debug|Any CPU
		Release|Any CPU = Release|Any CPU
	EndGlobalSection
	GlobalSection(ProjectConfigurationPlatforms) = postSolution
		{CEE973D5-3804-40BF-89DC-F3E48DA3FFFC}.Debug|Any CPU.ActiveCfg = Debug|Any CPU
		{CEE973D5-3804-40BF-89DC-F3E48DA3FFFC}.Debug|Any CPU.Build.0 = Debug|Any CPU
		{CEE973D5-3804-40BF-89DC-F3E48DA3FFFC}.Release|Any CPU.ActiveCfg = Release|Any CPU
		{CEE973D5-3804-40BF-89DC-F3E48DA3FFFC}.Release|Any CPU.Build.0 = Release|Any CPU
		{50E611CA-3E88-4D5B-BAD8-4657C8B42E8F}.Debug|Any CPU.ActiveCfg = Debug|Any CPU
		{50E611CA-3E88-4D5B-BAD8-4657C8B42E8F}.Debug|Any CPU.Build.0 = Debug|Any CPU
		{50E611CA-3E88-4D5B-BAD8-4657C8B42E8F}.Release|Any CPU.ActiveCfg = Release|Any CPU
		{50E611CA-3E88-4D5B-BAD8-4657C8B42E8F}.Release|Any CPU.Build.0 = Release|Any CPU
		{B15E1D39-AD60-41B2-BF1C-F0627581AA3A}.Debug|Any CPU.ActiveCfg = Debug|Any CPU
		{B15E1D39-AD60-41B2-BF1C-F0627581AA3A}.Debug|Any CPU.Build.0 = Debug|Any CPU
		{B15E1D39-AD60-41B2-BF1C-F0627581AA3A}.Release|Any CPU.ActiveCfg = Release|Any CPU
		{B15E1D39-AD60-41B2-BF1C-F0627581AA3A}.Release|Any CPU.Build.0 = Release|Any CPU
		{FC290314-E24C-4E60-92CB-240E361041FE}.Debug|Any CPU.ActiveCfg = Debug|Any CPU
		{FC290314-E24C-4E60-92CB-240E361041FE}.Debug|Any CPU.Build.0 = Debug|Any CPU
		{FC290314-E24C-4E60-92CB-240E361041FE}.Release|Any CPU.ActiveCfg = Release|Any CPU
		{FC290314-E24C-4E60-92CB-240E361041FE}.Release|Any CPU.Build.0 = Release|Any CPU
		{1FDE1954-DACC-4892-8030-45F80C8E09E1}.Debug|Any CPU.ActiveCfg = Debug|Any CPU
		{1FDE1954-DACC-4892-8030-45F80C8E09E1}.Debug|Any CPU.Build.0 = Debug|Any CPU
		{1FDE1954-DACC-4892-8030-45F80C8E09E1}.Release|Any CPU.ActiveCfg = Release|Any CPU
		{1FDE1954-DACC-4892-8030-45F80C8E09E1}.Release|Any CPU.Build.0 = Release|Any CPU
	EndGlobalSection
	GlobalSection(SolutionProperties) = preSolution
		HideSolutionNode = FALSE
	EndGlobalSection
EndGlobal
